
Microsoft Visual Studio Solution File, Format Version 12.00
# Visual Studio 14
VisualStudioVersion = 14.0.23107.0
MinimumVisualStudioVersion = 10.0.40219.1
Project("{FAE04EC0-301F-11D3-BF4B-00C04F79EFBC}") = "MvvmCross.Demo.Core", "MvvmCross.Demo.Core\MvvmCross.Demo.Core.csproj", "{DCA4F17F-25B2-4591-BBF0-EF20DB62F215}"
EndProject
Project("{FAE04EC0-301F-11D3-BF4B-00C04F79EFBC}") = "MvvmCross.Demo.Console", "MvvmCross.Demo.Console\MvvmCross.Demo.Console.csproj", "{94020CBA-8F42-4184-948D-EE24A59BC368}"
EndProject
Project("{FAE04EC0-301F-11D3-BF4B-00C04F79EFBC}") = "MvvmCross.Demo.UI.iOS", "MvvmCross.Demo.UI.iOS\MvvmCross.Demo.UI.iOS.csproj", "{16D89512-AF93-47EA-A013-FC16D88900C4}"
EndProject
Project("{FAE04EC0-301F-11D3-BF4B-00C04F79EFBC}") = "MvvmCross.Demo.ViewModels", "MvvmCross.Demo.ViewModels\MvvmCross.Demo.ViewModels.csproj", "{F5CBE279-9696-4BAC-91CF-EDAD823136E6}"
EndProject
Project("{FAE04EC0-301F-11D3-BF4B-00C04F79EFBC}") = "MvvmCross.Demo.UI.Android", "MvvmCross.Demo.UI.Android\MvvmCross.Demo.UI.Android.csproj", "{30BB9EC9-BBC3-4120-B11F-8C47F8A613D0}"
EndProject
Project("{2150E333-8FDC-42A3-9474-1A3956D46DE8}") = "MvvmCross.Demo.Windows", "MvvmCross.Demo.Windows", "{632B96E1-9439-4A73-A52A-DF142CFFDCEE}"
EndProject
Project("{D954291E-2A0B-460D-934E-DC6B0785DB48}") = "MvvmCross.Demo.Windows.Shared", "MvvmCross.Demo.Windows\MvvmCross.Demo.Windows.Shared\MvvmCross.Demo.Windows.Shared.shproj", "{6B30FD94-9ED7-4362-9AB8-A29052344C4D}"
EndProject
Project("{FAE04EC0-301F-11D3-BF4B-00C04F79EFBC}") = "MvvmCross.Demo.Windows.Windows", "MvvmCross.Demo.Windows\MvvmCross.Demo.Windows.Windows\MvvmCross.Demo.Windows.Windows.csproj", "{0203BF87-5434-405F-81E7-B886B79BD495}"
EndProject
Project("{FAE04EC0-301F-11D3-BF4B-00C04F79EFBC}") = "MvvmCross.Demo.Windows.WindowsPhone", "MvvmCross.Demo.Windows\MvvmCross.Demo.Windows.WindowsPhone\MvvmCross.Demo.Windows.WindowsPhone.csproj", "{55BB8D36-37D1-409E-8757-EB3AA099CE0B}"
EndProject
Project("{D954291E-2A0B-460D-934E-DC6B0785DB48}") = "MvvmCross.Demo.Shared", "MvvmCross.Demo.Shared\MvvmCross.Demo.Shared\MvvmCross.Demo.Shared.shproj", "{56494801-A40F-494F-9F4A-A3A6A15887AE}"
EndProject
Global
	GlobalSection(SharedMSBuildProjectFiles) = preSolution
		MvvmCross.Demo.Shared\MvvmCross.Demo.Shared\MvvmCross.Demo.Shared.projitems*{55bb8d36-37d1-409e-8757-eb3aa099ce0b}*SharedItemsImports = 4
		MvvmCross.Demo.Windows\MvvmCross.Demo.Windows.Shared\MvvmCross.Demo.Windows.Shared.projitems*{55bb8d36-37d1-409e-8757-eb3aa099ce0b}*SharedItemsImports = 4
		MvvmCross.Demo.Shared\MvvmCross.Demo.Shared\MvvmCross.Demo.Shared.projitems*{0203bf87-5434-405f-81e7-b886b79bd495}*SharedItemsImports = 4
		MvvmCross.Demo.Windows\MvvmCross.Demo.Windows.Shared\MvvmCross.Demo.Windows.Shared.projitems*{0203bf87-5434-405f-81e7-b886b79bd495}*SharedItemsImports = 4
		MvvmCross.Demo.Shared\MvvmCross.Demo.Shared\MvvmCross.Demo.Shared.projitems*{94020cba-8f42-4184-948d-ee24a59bc368}*SharedItemsImports = 4
		MvvmCross.Demo.Shared\MvvmCross.Demo.Shared\MvvmCross.Demo.Shared.projitems*{30bb9ec9-bbc3-4120-b11f-8c47f8a613d0}*SharedItemsImports = 4
		MvvmCross.Demo.Shared\MvvmCross.Demo.Shared\MvvmCross.Demo.Shared.projitems*{16d89512-af93-47ea-a013-fc16d88900c4}*SharedItemsImports = 4
		MvvmCross.Demo.Shared\MvvmCross.Demo.Shared\MvvmCross.Demo.Shared.projitems*{56494801-a40f-494f-9f4a-a3a6a15887ae}*SharedItemsImports = 13
		MvvmCross.Demo.Windows\MvvmCross.Demo.Windows.Shared\MvvmCross.Demo.Windows.Shared.projitems*{6b30fd94-9ed7-4362-9ab8-a29052344c4d}*SharedItemsImports = 13
	EndGlobalSection
	GlobalSection(SolutionConfigurationPlatforms) = preSolution
		Ad-Hoc|Any CPU = Ad-Hoc|Any CPU
		Ad-Hoc|ARM = Ad-Hoc|ARM
		Ad-Hoc|iPhone = Ad-Hoc|iPhone
		Ad-Hoc|iPhoneSimulator = Ad-Hoc|iPhoneSimulator
		Ad-Hoc|x64 = Ad-Hoc|x64
		Ad-Hoc|x86 = Ad-Hoc|x86
		AppStore|Any CPU = AppStore|Any CPU
		AppStore|ARM = AppStore|ARM
		AppStore|iPhone = AppStore|iPhone
		AppStore|iPhoneSimulator = AppStore|iPhoneSimulator
		AppStore|x64 = AppStore|x64
		AppStore|x86 = AppStore|x86
		Debug|Any CPU = Debug|Any CPU
		Debug|ARM = Debug|ARM
		Debug|iPhone = Debug|iPhone
		Debug|iPhoneSimulator = Debug|iPhoneSimulator
		Debug|x64 = Debug|x64
		Debug|x86 = Debug|x86
		Release|Any CPU = Release|Any CPU
		Release|ARM = Release|ARM
		Release|iPhone = Release|iPhone
		Release|iPhoneSimulator = Release|iPhoneSimulator
		Release|x64 = Release|x64
		Release|x86 = Release|x86
	EndGlobalSection
	GlobalSection(ProjectConfigurationPlatforms) = postSolution
		{DCA4F17F-25B2-4591-BBF0-EF20DB62F215}.Ad-Hoc|Any CPU.ActiveCfg = Release|Any CPU
		{DCA4F17F-25B2-4591-BBF0-EF20DB62F215}.Ad-Hoc|Any CPU.Build.0 = Release|Any CPU
		{DCA4F17F-25B2-4591-BBF0-EF20DB62F215}.Ad-Hoc|ARM.ActiveCfg = Debug|Any CPU
		{DCA4F17F-25B2-4591-BBF0-EF20DB62F215}.Ad-Hoc|ARM.Build.0 = Debug|Any CPU
		{DCA4F17F-25B2-4591-BBF0-EF20DB62F215}.Ad-Hoc|iPhone.ActiveCfg = Release|Any CPU
		{DCA4F17F-25B2-4591-BBF0-EF20DB62F215}.Ad-Hoc|iPhone.Build.0 = Release|Any CPU
		{DCA4F17F-25B2-4591-BBF0-EF20DB62F215}.Ad-Hoc|iPhoneSimulator.ActiveCfg = Release|Any CPU
		{DCA4F17F-25B2-4591-BBF0-EF20DB62F215}.Ad-Hoc|iPhoneSimulator.Build.0 = Release|Any CPU
		{DCA4F17F-25B2-4591-BBF0-EF20DB62F215}.Ad-Hoc|x64.ActiveCfg = Debug|Any CPU
		{DCA4F17F-25B2-4591-BBF0-EF20DB62F215}.Ad-Hoc|x64.Build.0 = Debug|Any CPU
		{DCA4F17F-25B2-4591-BBF0-EF20DB62F215}.Ad-Hoc|x86.ActiveCfg = Debug|Any CPU
		{DCA4F17F-25B2-4591-BBF0-EF20DB62F215}.Ad-Hoc|x86.Build.0 = Debug|Any CPU
		{DCA4F17F-25B2-4591-BBF0-EF20DB62F215}.AppStore|Any CPU.ActiveCfg = Release|Any CPU
		{DCA4F17F-25B2-4591-BBF0-EF20DB62F215}.AppStore|Any CPU.Build.0 = Release|Any CPU
		{DCA4F17F-25B2-4591-BBF0-EF20DB62F215}.AppStore|ARM.ActiveCfg = Debug|Any CPU
		{DCA4F17F-25B2-4591-BBF0-EF20DB62F215}.AppStore|ARM.Build.0 = Debug|Any CPU
		{DCA4F17F-25B2-4591-BBF0-EF20DB62F215}.AppStore|iPhone.ActiveCfg = Release|Any CPU
		{DCA4F17F-25B2-4591-BBF0-EF20DB62F215}.AppStore|iPhone.Build.0 = Release|Any CPU
		{DCA4F17F-25B2-4591-BBF0-EF20DB62F215}.AppStore|iPhoneSimulator.ActiveCfg = Release|Any CPU
		{DCA4F17F-25B2-4591-BBF0-EF20DB62F215}.AppStore|iPhoneSimulator.Build.0 = Release|Any CPU
		{DCA4F17F-25B2-4591-BBF0-EF20DB62F215}.AppStore|x64.ActiveCfg = Debug|Any CPU
		{DCA4F17F-25B2-4591-BBF0-EF20DB62F215}.AppStore|x64.Build.0 = Debug|Any CPU
		{DCA4F17F-25B2-4591-BBF0-EF20DB62F215}.AppStore|x86.ActiveCfg = Debug|Any CPU
		{DCA4F17F-25B2-4591-BBF0-EF20DB62F215}.AppStore|x86.Build.0 = Debug|Any CPU
		{DCA4F17F-25B2-4591-BBF0-EF20DB62F215}.Debug|Any CPU.ActiveCfg = Debug|Any CPU
		{DCA4F17F-25B2-4591-BBF0-EF20DB62F215}.Debug|Any CPU.Build.0 = Debug|Any CPU
		{DCA4F17F-25B2-4591-BBF0-EF20DB62F215}.Debug|ARM.ActiveCfg = Debug|Any CPU
		{DCA4F17F-25B2-4591-BBF0-EF20DB62F215}.Debug|ARM.Build.0 = Debug|Any CPU
		{DCA4F17F-25B2-4591-BBF0-EF20DB62F215}.Debug|iPhone.ActiveCfg = Debug|Any CPU
		{DCA4F17F-25B2-4591-BBF0-EF20DB62F215}.Debug|iPhone.Build.0 = Debug|Any CPU
		{DCA4F17F-25B2-4591-BBF0-EF20DB62F215}.Debug|iPhoneSimulator.ActiveCfg = Debug|Any CPU
		{DCA4F17F-25B2-4591-BBF0-EF20DB62F215}.Debug|iPhoneSimulator.Build.0 = Debug|Any CPU
		{DCA4F17F-25B2-4591-BBF0-EF20DB62F215}.Debug|x64.ActiveCfg = Debug|Any CPU
		{DCA4F17F-25B2-4591-BBF0-EF20DB62F215}.Debug|x64.Build.0 = Debug|Any CPU
		{DCA4F17F-25B2-4591-BBF0-EF20DB62F215}.Debug|x86.ActiveCfg = Debug|Any CPU
		{DCA4F17F-25B2-4591-BBF0-EF20DB62F215}.Debug|x86.Build.0 = Debug|Any CPU
		{DCA4F17F-25B2-4591-BBF0-EF20DB62F215}.Release|Any CPU.ActiveCfg = Release|Any CPU
		{DCA4F17F-25B2-4591-BBF0-EF20DB62F215}.Release|Any CPU.Build.0 = Release|Any CPU
		{DCA4F17F-25B2-4591-BBF0-EF20DB62F215}.Release|ARM.ActiveCfg = Release|Any CPU
		{DCA4F17F-25B2-4591-BBF0-EF20DB62F215}.Release|ARM.Build.0 = Release|Any CPU
		{DCA4F17F-25B2-4591-BBF0-EF20DB62F215}.Release|iPhone.ActiveCfg = Release|Any CPU
		{DCA4F17F-25B2-4591-BBF0-EF20DB62F215}.Release|iPhone.Build.0 = Release|Any CPU
		{DCA4F17F-25B2-4591-BBF0-EF20DB62F215}.Release|iPhoneSimulator.ActiveCfg = Release|Any CPU
		{DCA4F17F-25B2-4591-BBF0-EF20DB62F215}.Release|iPhoneSimulator.Build.0 = Release|Any CPU
		{DCA4F17F-25B2-4591-BBF0-EF20DB62F215}.Release|x64.ActiveCfg = Release|Any CPU
		{DCA4F17F-25B2-4591-BBF0-EF20DB62F215}.Release|x64.Build.0 = Release|Any CPU
		{DCA4F17F-25B2-4591-BBF0-EF20DB62F215}.Release|x86.ActiveCfg = Release|Any CPU
		{DCA4F17F-25B2-4591-BBF0-EF20DB62F215}.Release|x86.Build.0 = Release|Any CPU
		{94020CBA-8F42-4184-948D-EE24A59BC368}.Ad-Hoc|Any CPU.ActiveCfg = Release|Any CPU
		{94020CBA-8F42-4184-948D-EE24A59BC368}.Ad-Hoc|Any CPU.Build.0 = Release|Any CPU
		{94020CBA-8F42-4184-948D-EE24A59BC368}.Ad-Hoc|ARM.ActiveCfg = Debug|Any CPU
		{94020CBA-8F42-4184-948D-EE24A59BC368}.Ad-Hoc|ARM.Build.0 = Debug|Any CPU
		{94020CBA-8F42-4184-948D-EE24A59BC368}.Ad-Hoc|iPhone.ActiveCfg = Release|Any CPU
		{94020CBA-8F42-4184-948D-EE24A59BC368}.Ad-Hoc|iPhone.Build.0 = Release|Any CPU
		{94020CBA-8F42-4184-948D-EE24A59BC368}.Ad-Hoc|iPhoneSimulator.ActiveCfg = Release|Any CPU
		{94020CBA-8F42-4184-948D-EE24A59BC368}.Ad-Hoc|iPhoneSimulator.Build.0 = Release|Any CPU
		{94020CBA-8F42-4184-948D-EE24A59BC368}.Ad-Hoc|x64.ActiveCfg = Debug|Any CPU
		{94020CBA-8F42-4184-948D-EE24A59BC368}.Ad-Hoc|x64.Build.0 = Debug|Any CPU
		{94020CBA-8F42-4184-948D-EE24A59BC368}.Ad-Hoc|x86.ActiveCfg = Debug|Any CPU
		{94020CBA-8F42-4184-948D-EE24A59BC368}.Ad-Hoc|x86.Build.0 = Debug|Any CPU
		{94020CBA-8F42-4184-948D-EE24A59BC368}.AppStore|Any CPU.ActiveCfg = Release|Any CPU
		{94020CBA-8F42-4184-948D-EE24A59BC368}.AppStore|Any CPU.Build.0 = Release|Any CPU
		{94020CBA-8F42-4184-948D-EE24A59BC368}.AppStore|ARM.ActiveCfg = Debug|Any CPU
		{94020CBA-8F42-4184-948D-EE24A59BC368}.AppStore|ARM.Build.0 = Debug|Any CPU
		{94020CBA-8F42-4184-948D-EE24A59BC368}.AppStore|iPhone.ActiveCfg = Release|Any CPU
		{94020CBA-8F42-4184-948D-EE24A59BC368}.AppStore|iPhone.Build.0 = Release|Any CPU
		{94020CBA-8F42-4184-948D-EE24A59BC368}.AppStore|iPhoneSimulator.ActiveCfg = Release|Any CPU
		{94020CBA-8F42-4184-948D-EE24A59BC368}.AppStore|iPhoneSimulator.Build.0 = Release|Any CPU
		{94020CBA-8F42-4184-948D-EE24A59BC368}.AppStore|x64.ActiveCfg = Debug|Any CPU
		{94020CBA-8F42-4184-948D-EE24A59BC368}.AppStore|x64.Build.0 = Debug|Any CPU
		{94020CBA-8F42-4184-948D-EE24A59BC368}.AppStore|x86.ActiveCfg = Debug|Any CPU
		{94020CBA-8F42-4184-948D-EE24A59BC368}.AppStore|x86.Build.0 = Debug|Any CPU
		{94020CBA-8F42-4184-948D-EE24A59BC368}.Debug|Any CPU.ActiveCfg = Debug|Any CPU
		{94020CBA-8F42-4184-948D-EE24A59BC368}.Debug|Any CPU.Build.0 = Debug|Any CPU
		{94020CBA-8F42-4184-948D-EE24A59BC368}.Debug|ARM.ActiveCfg = Debug|Any CPU
		{94020CBA-8F42-4184-948D-EE24A59BC368}.Debug|ARM.Build.0 = Debug|Any CPU
		{94020CBA-8F42-4184-948D-EE24A59BC368}.Debug|iPhone.ActiveCfg = Debug|Any CPU
		{94020CBA-8F42-4184-948D-EE24A59BC368}.Debug|iPhone.Build.0 = Debug|Any CPU
		{94020CBA-8F42-4184-948D-EE24A59BC368}.Debug|iPhoneSimulator.ActiveCfg = Debug|Any CPU
		{94020CBA-8F42-4184-948D-EE24A59BC368}.Debug|iPhoneSimulator.Build.0 = Debug|Any CPU
		{94020CBA-8F42-4184-948D-EE24A59BC368}.Debug|x64.ActiveCfg = Debug|Any CPU
		{94020CBA-8F42-4184-948D-EE24A59BC368}.Debug|x64.Build.0 = Debug|Any CPU
		{94020CBA-8F42-4184-948D-EE24A59BC368}.Debug|x86.ActiveCfg = Debug|Any CPU
		{94020CBA-8F42-4184-948D-EE24A59BC368}.Debug|x86.Build.0 = Debug|Any CPU
		{94020CBA-8F42-4184-948D-EE24A59BC368}.Release|Any CPU.ActiveCfg = Release|Any CPU
		{94020CBA-8F42-4184-948D-EE24A59BC368}.Release|Any CPU.Build.0 = Release|Any CPU
		{94020CBA-8F42-4184-948D-EE24A59BC368}.Release|ARM.ActiveCfg = Release|Any CPU
		{94020CBA-8F42-4184-948D-EE24A59BC368}.Release|ARM.Build.0 = Release|Any CPU
		{94020CBA-8F42-4184-948D-EE24A59BC368}.Release|iPhone.ActiveCfg = Release|Any CPU
		{94020CBA-8F42-4184-948D-EE24A59BC368}.Release|iPhone.Build.0 = Release|Any CPU
		{94020CBA-8F42-4184-948D-EE24A59BC368}.Release|iPhoneSimulator.ActiveCfg = Release|Any CPU
		{94020CBA-8F42-4184-948D-EE24A59BC368}.Release|iPhoneSimulator.Build.0 = Release|Any CPU
		{94020CBA-8F42-4184-948D-EE24A59BC368}.Release|x64.ActiveCfg = Release|Any CPU
		{94020CBA-8F42-4184-948D-EE24A59BC368}.Release|x64.Build.0 = Release|Any CPU
		{94020CBA-8F42-4184-948D-EE24A59BC368}.Release|x86.ActiveCfg = Release|Any CPU
		{94020CBA-8F42-4184-948D-EE24A59BC368}.Release|x86.Build.0 = Release|Any CPU
		{16D89512-AF93-47EA-A013-FC16D88900C4}.Ad-Hoc|Any CPU.ActiveCfg = Ad-Hoc|iPhone
		{16D89512-AF93-47EA-A013-FC16D88900C4}.Ad-Hoc|ARM.ActiveCfg = Ad-Hoc|iPhoneSimulator
		{16D89512-AF93-47EA-A013-FC16D88900C4}.Ad-Hoc|iPhone.ActiveCfg = Ad-Hoc|iPhone
		{16D89512-AF93-47EA-A013-FC16D88900C4}.Ad-Hoc|iPhone.Build.0 = Ad-Hoc|iPhone
		{16D89512-AF93-47EA-A013-FC16D88900C4}.Ad-Hoc|iPhoneSimulator.ActiveCfg = Ad-Hoc|iPhoneSimulator
		{16D89512-AF93-47EA-A013-FC16D88900C4}.Ad-Hoc|iPhoneSimulator.Build.0 = Ad-Hoc|iPhoneSimulator
		{16D89512-AF93-47EA-A013-FC16D88900C4}.Ad-Hoc|x64.ActiveCfg = Ad-Hoc|iPhoneSimulator
		{16D89512-AF93-47EA-A013-FC16D88900C4}.Ad-Hoc|x86.ActiveCfg = Ad-Hoc|iPhoneSimulator
		{16D89512-AF93-47EA-A013-FC16D88900C4}.AppStore|Any CPU.ActiveCfg = AppStore|iPhone
		{16D89512-AF93-47EA-A013-FC16D88900C4}.AppStore|ARM.ActiveCfg = AppStore|iPhoneSimulator
		{16D89512-AF93-47EA-A013-FC16D88900C4}.AppStore|iPhone.ActiveCfg = AppStore|iPhone
		{16D89512-AF93-47EA-A013-FC16D88900C4}.AppStore|iPhone.Build.0 = AppStore|iPhone
		{16D89512-AF93-47EA-A013-FC16D88900C4}.AppStore|iPhoneSimulator.ActiveCfg = AppStore|iPhoneSimulator
		{16D89512-AF93-47EA-A013-FC16D88900C4}.AppStore|iPhoneSimulator.Build.0 = AppStore|iPhoneSimulator
		{16D89512-AF93-47EA-A013-FC16D88900C4}.AppStore|x64.ActiveCfg = AppStore|iPhoneSimulator
		{16D89512-AF93-47EA-A013-FC16D88900C4}.AppStore|x86.ActiveCfg = AppStore|iPhoneSimulator
		{16D89512-AF93-47EA-A013-FC16D88900C4}.Debug|Any CPU.ActiveCfg = Debug|iPhone
		{16D89512-AF93-47EA-A013-FC16D88900C4}.Debug|ARM.ActiveCfg = Debug|iPhoneSimulator
		{16D89512-AF93-47EA-A013-FC16D88900C4}.Debug|iPhone.ActiveCfg = Debug|iPhone
		{16D89512-AF93-47EA-A013-FC16D88900C4}.Debug|iPhone.Build.0 = Debug|iPhone
		{16D89512-AF93-47EA-A013-FC16D88900C4}.Debug|iPhoneSimulator.ActiveCfg = Debug|iPhoneSimulator
		{16D89512-AF93-47EA-A013-FC16D88900C4}.Debug|iPhoneSimulator.Build.0 = Debug|iPhoneSimulator
		{16D89512-AF93-47EA-A013-FC16D88900C4}.Debug|x64.ActiveCfg = Debug|iPhoneSimulator
		{16D89512-AF93-47EA-A013-FC16D88900C4}.Debug|x86.ActiveCfg = Debug|iPhoneSimulator
		{16D89512-AF93-47EA-A013-FC16D88900C4}.Release|Any CPU.ActiveCfg = Release|iPhone
		{16D89512-AF93-47EA-A013-FC16D88900C4}.Release|ARM.ActiveCfg = Release|iPhoneSimulator
		{16D89512-AF93-47EA-A013-FC16D88900C4}.Release|iPhone.ActiveCfg = Release|iPhone
		{16D89512-AF93-47EA-A013-FC16D88900C4}.Release|iPhone.Build.0 = Release|iPhone
		{16D89512-AF93-47EA-A013-FC16D88900C4}.Release|iPhoneSimulator.ActiveCfg = Release|iPhoneSimulator
		{16D89512-AF93-47EA-A013-FC16D88900C4}.Release|iPhoneSimulator.Build.0 = Release|iPhoneSimulator
		{16D89512-AF93-47EA-A013-FC16D88900C4}.Release|x64.ActiveCfg = Release|iPhoneSimulator
		{16D89512-AF93-47EA-A013-FC16D88900C4}.Release|x86.ActiveCfg = Release|iPhoneSimulator
		{F5CBE279-9696-4BAC-91CF-EDAD823136E6}.Ad-Hoc|Any CPU.ActiveCfg = Release|Any CPU
		{F5CBE279-9696-4BAC-91CF-EDAD823136E6}.Ad-Hoc|Any CPU.Build.0 = Release|Any CPU
		{F5CBE279-9696-4BAC-91CF-EDAD823136E6}.Ad-Hoc|ARM.ActiveCfg = Debug|Any CPU
		{F5CBE279-9696-4BAC-91CF-EDAD823136E6}.Ad-Hoc|ARM.Build.0 = Debug|Any CPU
		{F5CBE279-9696-4BAC-91CF-EDAD823136E6}.Ad-Hoc|iPhone.ActiveCfg = Release|Any CPU
		{F5CBE279-9696-4BAC-91CF-EDAD823136E6}.Ad-Hoc|iPhone.Build.0 = Release|Any CPU
		{F5CBE279-9696-4BAC-91CF-EDAD823136E6}.Ad-Hoc|iPhoneSimulator.ActiveCfg = Release|Any CPU
		{F5CBE279-9696-4BAC-91CF-EDAD823136E6}.Ad-Hoc|iPhoneSimulator.Build.0 = Release|Any CPU
		{F5CBE279-9696-4BAC-91CF-EDAD823136E6}.Ad-Hoc|x64.ActiveCfg = Debug|Any CPU
		{F5CBE279-9696-4BAC-91CF-EDAD823136E6}.Ad-Hoc|x64.Build.0 = Debug|Any CPU
		{F5CBE279-9696-4BAC-91CF-EDAD823136E6}.Ad-Hoc|x86.ActiveCfg = Debug|Any CPU
		{F5CBE279-9696-4BAC-91CF-EDAD823136E6}.Ad-Hoc|x86.Build.0 = Debug|Any CPU
		{F5CBE279-9696-4BAC-91CF-EDAD823136E6}.AppStore|Any CPU.ActiveCfg = Release|Any CPU
		{F5CBE279-9696-4BAC-91CF-EDAD823136E6}.AppStore|Any CPU.Build.0 = Release|Any CPU
		{F5CBE279-9696-4BAC-91CF-EDAD823136E6}.AppStore|ARM.ActiveCfg = Debug|Any CPU
		{F5CBE279-9696-4BAC-91CF-EDAD823136E6}.AppStore|ARM.Build.0 = Debug|Any CPU
		{F5CBE279-9696-4BAC-91CF-EDAD823136E6}.AppStore|iPhone.ActiveCfg = Release|Any CPU
		{F5CBE279-9696-4BAC-91CF-EDAD823136E6}.AppStore|iPhone.Build.0 = Release|Any CPU
		{F5CBE279-9696-4BAC-91CF-EDAD823136E6}.AppStore|iPhoneSimulator.ActiveCfg = Release|Any CPU
		{F5CBE279-9696-4BAC-91CF-EDAD823136E6}.AppStore|iPhoneSimulator.Build.0 = Release|Any CPU
		{F5CBE279-9696-4BAC-91CF-EDAD823136E6}.AppStore|x64.ActiveCfg = Debug|Any CPU
		{F5CBE279-9696-4BAC-91CF-EDAD823136E6}.AppStore|x64.Build.0 = Debug|Any CPU
		{F5CBE279-9696-4BAC-91CF-EDAD823136E6}.AppStore|x86.ActiveCfg = Debug|Any CPU
		{F5CBE279-9696-4BAC-91CF-EDAD823136E6}.AppStore|x86.Build.0 = Debug|Any CPU
		{F5CBE279-9696-4BAC-91CF-EDAD823136E6}.Debug|Any CPU.ActiveCfg = Debug|Any CPU
		{F5CBE279-9696-4BAC-91CF-EDAD823136E6}.Debug|Any CPU.Build.0 = Debug|Any CPU
		{F5CBE279-9696-4BAC-91CF-EDAD823136E6}.Debug|ARM.ActiveCfg = Debug|Any CPU
		{F5CBE279-9696-4BAC-91CF-EDAD823136E6}.Debug|ARM.Build.0 = Debug|Any CPU
		{F5CBE279-9696-4BAC-91CF-EDAD823136E6}.Debug|iPhone.ActiveCfg = Debug|Any CPU
		{F5CBE279-9696-4BAC-91CF-EDAD823136E6}.Debug|iPhone.Build.0 = Debug|Any CPU
		{F5CBE279-9696-4BAC-91CF-EDAD823136E6}.Debug|iPhoneSimulator.ActiveCfg = Debug|Any CPU
		{F5CBE279-9696-4BAC-91CF-EDAD823136E6}.Debug|iPhoneSimulator.Build.0 = Debug|Any CPU
		{F5CBE279-9696-4BAC-91CF-EDAD823136E6}.Debug|x64.ActiveCfg = Debug|Any CPU
		{F5CBE279-9696-4BAC-91CF-EDAD823136E6}.Debug|x64.Build.0 = Debug|Any CPU
		{F5CBE279-9696-4BAC-91CF-EDAD823136E6}.Debug|x86.ActiveCfg = Debug|Any CPU
		{F5CBE279-9696-4BAC-91CF-EDAD823136E6}.Debug|x86.Build.0 = Debug|Any CPU
		{F5CBE279-9696-4BAC-91CF-EDAD823136E6}.Release|Any CPU.ActiveCfg = Release|Any CPU
		{F5CBE279-9696-4BAC-91CF-EDAD823136E6}.Release|Any CPU.Build.0 = Release|Any CPU
		{F5CBE279-9696-4BAC-91CF-EDAD823136E6}.Release|ARM.ActiveCfg = Release|Any CPU
		{F5CBE279-9696-4BAC-91CF-EDAD823136E6}.Release|ARM.Build.0 = Release|Any CPU
		{F5CBE279-9696-4BAC-91CF-EDAD823136E6}.Release|iPhone.ActiveCfg = Release|Any CPU
		{F5CBE279-9696-4BAC-91CF-EDAD823136E6}.Release|iPhone.Build.0 = Release|Any CPU
		{F5CBE279-9696-4BAC-91CF-EDAD823136E6}.Release|iPhoneSimulator.ActiveCfg = Release|Any CPU
		{F5CBE279-9696-4BAC-91CF-EDAD823136E6}.Release|iPhoneSimulator.Build.0 = Release|Any CPU
		{F5CBE279-9696-4BAC-91CF-EDAD823136E6}.Release|x64.ActiveCfg = Release|Any CPU
		{F5CBE279-9696-4BAC-91CF-EDAD823136E6}.Release|x64.Build.0 = Release|Any CPU
		{F5CBE279-9696-4BAC-91CF-EDAD823136E6}.Release|x86.ActiveCfg = Release|Any CPU
		{F5CBE279-9696-4BAC-91CF-EDAD823136E6}.Release|x86.Build.0 = Release|Any CPU
		{30BB9EC9-BBC3-4120-B11F-8C47F8A613D0}.Ad-Hoc|Any CPU.ActiveCfg = Release|Any CPU
		{30BB9EC9-BBC3-4120-B11F-8C47F8A613D0}.Ad-Hoc|Any CPU.Build.0 = Release|Any CPU
		{30BB9EC9-BBC3-4120-B11F-8C47F8A613D0}.Ad-Hoc|Any CPU.Deploy.0 = Release|Any CPU
		{30BB9EC9-BBC3-4120-B11F-8C47F8A613D0}.Ad-Hoc|ARM.ActiveCfg = Release|Any CPU
		{30BB9EC9-BBC3-4120-B11F-8C47F8A613D0}.Ad-Hoc|ARM.Build.0 = Release|Any CPU
		{30BB9EC9-BBC3-4120-B11F-8C47F8A613D0}.Ad-Hoc|ARM.Deploy.0 = Release|Any CPU
		{30BB9EC9-BBC3-4120-B11F-8C47F8A613D0}.Ad-Hoc|iPhone.ActiveCfg = Release|Any CPU
		{30BB9EC9-BBC3-4120-B11F-8C47F8A613D0}.Ad-Hoc|iPhone.Build.0 = Release|Any CPU
		{30BB9EC9-BBC3-4120-B11F-8C47F8A613D0}.Ad-Hoc|iPhone.Deploy.0 = Release|Any CPU
		{30BB9EC9-BBC3-4120-B11F-8C47F8A613D0}.Ad-Hoc|iPhoneSimulator.ActiveCfg = Release|Any CPU
		{30BB9EC9-BBC3-4120-B11F-8C47F8A613D0}.Ad-Hoc|iPhoneSimulator.Build.0 = Release|Any CPU
		{30BB9EC9-BBC3-4120-B11F-8C47F8A613D0}.Ad-Hoc|iPhoneSimulator.Deploy.0 = Release|Any CPU
		{30BB9EC9-BBC3-4120-B11F-8C47F8A613D0}.Ad-Hoc|x64.ActiveCfg = Release|Any CPU
		{30BB9EC9-BBC3-4120-B11F-8C47F8A613D0}.Ad-Hoc|x64.Build.0 = Release|Any CPU
		{30BB9EC9-BBC3-4120-B11F-8C47F8A613D0}.Ad-Hoc|x64.Deploy.0 = Release|Any CPU
		{30BB9EC9-BBC3-4120-B11F-8C47F8A613D0}.Ad-Hoc|x86.ActiveCfg = Release|Any CPU
		{30BB9EC9-BBC3-4120-B11F-8C47F8A613D0}.Ad-Hoc|x86.Build.0 = Release|Any CPU
		{30BB9EC9-BBC3-4120-B11F-8C47F8A613D0}.Ad-Hoc|x86.Deploy.0 = Release|Any CPU
		{30BB9EC9-BBC3-4120-B11F-8C47F8A613D0}.AppStore|Any CPU.ActiveCfg = Release|Any CPU
		{30BB9EC9-BBC3-4120-B11F-8C47F8A613D0}.AppStore|Any CPU.Build.0 = Release|Any CPU
		{30BB9EC9-BBC3-4120-B11F-8C47F8A613D0}.AppStore|Any CPU.Deploy.0 = Release|Any CPU
		{30BB9EC9-BBC3-4120-B11F-8C47F8A613D0}.AppStore|ARM.ActiveCfg = Release|Any CPU
		{30BB9EC9-BBC3-4120-B11F-8C47F8A613D0}.AppStore|ARM.Build.0 = Release|Any CPU
		{30BB9EC9-BBC3-4120-B11F-8C47F8A613D0}.AppStore|ARM.Deploy.0 = Release|Any CPU
		{30BB9EC9-BBC3-4120-B11F-8C47F8A613D0}.AppStore|iPhone.ActiveCfg = Release|Any CPU
		{30BB9EC9-BBC3-4120-B11F-8C47F8A613D0}.AppStore|iPhone.Build.0 = Release|Any CPU
		{30BB9EC9-BBC3-4120-B11F-8C47F8A613D0}.AppStore|iPhone.Deploy.0 = Release|Any CPU
		{30BB9EC9-BBC3-4120-B11F-8C47F8A613D0}.AppStore|iPhoneSimulator.ActiveCfg = Release|Any CPU
		{30BB9EC9-BBC3-4120-B11F-8C47F8A613D0}.AppStore|iPhoneSimulator.Build.0 = Release|Any CPU
		{30BB9EC9-BBC3-4120-B11F-8C47F8A613D0}.AppStore|iPhoneSimulator.Deploy.0 = Release|Any CPU
		{30BB9EC9-BBC3-4120-B11F-8C47F8A613D0}.AppStore|x64.ActiveCfg = Release|Any CPU
		{30BB9EC9-BBC3-4120-B11F-8C47F8A613D0}.AppStore|x64.Build.0 = Release|Any CPU
		{30BB9EC9-BBC3-4120-B11F-8C47F8A613D0}.AppStore|x64.Deploy.0 = Release|Any CPU
		{30BB9EC9-BBC3-4120-B11F-8C47F8A613D0}.AppStore|x86.ActiveCfg = Release|Any CPU
		{30BB9EC9-BBC3-4120-B11F-8C47F8A613D0}.AppStore|x86.Build.0 = Release|Any CPU
		{30BB9EC9-BBC3-4120-B11F-8C47F8A613D0}.AppStore|x86.Deploy.0 = Release|Any CPU
		{30BB9EC9-BBC3-4120-B11F-8C47F8A613D0}.Debug|Any CPU.ActiveCfg = Debug|Any CPU
		{30BB9EC9-BBC3-4120-B11F-8C47F8A613D0}.Debug|Any CPU.Build.0 = Debug|Any CPU
		{30BB9EC9-BBC3-4120-B11F-8C47F8A613D0}.Debug|Any CPU.Deploy.0 = Debug|Any CPU
		{30BB9EC9-BBC3-4120-B11F-8C47F8A613D0}.Debug|ARM.ActiveCfg = Debug|Any CPU
		{30BB9EC9-BBC3-4120-B11F-8C47F8A613D0}.Debug|ARM.Build.0 = Debug|Any CPU
		{30BB9EC9-BBC3-4120-B11F-8C47F8A613D0}.Debug|ARM.Deploy.0 = Debug|Any CPU
		{30BB9EC9-BBC3-4120-B11F-8C47F8A613D0}.Debug|iPhone.ActiveCfg = Debug|Any CPU
		{30BB9EC9-BBC3-4120-B11F-8C47F8A613D0}.Debug|iPhone.Build.0 = Debug|Any CPU
		{30BB9EC9-BBC3-4120-B11F-8C47F8A613D0}.Debug|iPhone.Deploy.0 = Debug|Any CPU
		{30BB9EC9-BBC3-4120-B11F-8C47F8A613D0}.Debug|iPhoneSimulator.ActiveCfg = Debug|Any CPU
		{30BB9EC9-BBC3-4120-B11F-8C47F8A613D0}.Debug|iPhoneSimulator.Build.0 = Debug|Any CPU
		{30BB9EC9-BBC3-4120-B11F-8C47F8A613D0}.Debug|iPhoneSimulator.Deploy.0 = Debug|Any CPU
		{30BB9EC9-BBC3-4120-B11F-8C47F8A613D0}.Debug|x64.ActiveCfg = Debug|Any CPU
		{30BB9EC9-BBC3-4120-B11F-8C47F8A613D0}.Debug|x64.Build.0 = Debug|Any CPU
		{30BB9EC9-BBC3-4120-B11F-8C47F8A613D0}.Debug|x64.Deploy.0 = Debug|Any CPU
		{30BB9EC9-BBC3-4120-B11F-8C47F8A613D0}.Debug|x86.ActiveCfg = Debug|Any CPU
		{30BB9EC9-BBC3-4120-B11F-8C47F8A613D0}.Debug|x86.Build.0 = Debug|Any CPU
		{30BB9EC9-BBC3-4120-B11F-8C47F8A613D0}.Debug|x86.Deploy.0 = Debug|Any CPU
		{30BB9EC9-BBC3-4120-B11F-8C47F8A613D0}.Release|Any CPU.ActiveCfg = Release|Any CPU
		{30BB9EC9-BBC3-4120-B11F-8C47F8A613D0}.Release|Any CPU.Build.0 = Release|Any CPU
		{30BB9EC9-BBC3-4120-B11F-8C47F8A613D0}.Release|Any CPU.Deploy.0 = Release|Any CPU
		{30BB9EC9-BBC3-4120-B11F-8C47F8A613D0}.Release|ARM.ActiveCfg = Release|Any CPU
		{30BB9EC9-BBC3-4120-B11F-8C47F8A613D0}.Release|ARM.Build.0 = Release|Any CPU
		{30BB9EC9-BBC3-4120-B11F-8C47F8A613D0}.Release|ARM.Deploy.0 = Release|Any CPU
		{30BB9EC9-BBC3-4120-B11F-8C47F8A613D0}.Release|iPhone.ActiveCfg = Release|Any CPU
		{30BB9EC9-BBC3-4120-B11F-8C47F8A613D0}.Release|iPhone.Build.0 = Release|Any CPU
		{30BB9EC9-BBC3-4120-B11F-8C47F8A613D0}.Release|iPhone.Deploy.0 = Release|Any CPU
		{30BB9EC9-BBC3-4120-B11F-8C47F8A613D0}.Release|iPhoneSimulator.ActiveCfg = Release|Any CPU
		{30BB9EC9-BBC3-4120-B11F-8C47F8A613D0}.Release|iPhoneSimulator.Build.0 = Release|Any CPU
		{30BB9EC9-BBC3-4120-B11F-8C47F8A613D0}.Release|iPhoneSimulator.Deploy.0 = Release|Any CPU
		{30BB9EC9-BBC3-4120-B11F-8C47F8A613D0}.Release|x64.ActiveCfg = Release|Any CPU
		{30BB9EC9-BBC3-4120-B11F-8C47F8A613D0}.Release|x64.Build.0 = Release|Any CPU
		{30BB9EC9-BBC3-4120-B11F-8C47F8A613D0}.Release|x64.Deploy.0 = Release|Any CPU
		{30BB9EC9-BBC3-4120-B11F-8C47F8A613D0}.Release|x86.ActiveCfg = Release|Any CPU
		{30BB9EC9-BBC3-4120-B11F-8C47F8A613D0}.Release|x86.Build.0 = Release|Any CPU
		{30BB9EC9-BBC3-4120-B11F-8C47F8A613D0}.Release|x86.Deploy.0 = Release|Any CPU
		{0203BF87-5434-405F-81E7-B886B79BD495}.Ad-Hoc|Any CPU.ActiveCfg = Release|Any CPU
		{0203BF87-5434-405F-81E7-B886B79BD495}.Ad-Hoc|Any CPU.Build.0 = Release|Any CPU
		{0203BF87-5434-405F-81E7-B886B79BD495}.Ad-Hoc|Any CPU.Deploy.0 = Release|Any CPU
		{0203BF87-5434-405F-81E7-B886B79BD495}.Ad-Hoc|ARM.ActiveCfg = Release|ARM
		{0203BF87-5434-405F-81E7-B886B79BD495}.Ad-Hoc|ARM.Build.0 = Release|ARM
		{0203BF87-5434-405F-81E7-B886B79BD495}.Ad-Hoc|ARM.Deploy.0 = Release|ARM
		{0203BF87-5434-405F-81E7-B886B79BD495}.Ad-Hoc|iPhone.ActiveCfg = Release|Any CPU
		{0203BF87-5434-405F-81E7-B886B79BD495}.Ad-Hoc|iPhone.Build.0 = Release|Any CPU
		{0203BF87-5434-405F-81E7-B886B79BD495}.Ad-Hoc|iPhone.Deploy.0 = Release|Any CPU
		{0203BF87-5434-405F-81E7-B886B79BD495}.Ad-Hoc|iPhoneSimulator.ActiveCfg = Release|Any CPU
		{0203BF87-5434-405F-81E7-B886B79BD495}.Ad-Hoc|iPhoneSimulator.Build.0 = Release|Any CPU
		{0203BF87-5434-405F-81E7-B886B79BD495}.Ad-Hoc|iPhoneSimulator.Deploy.0 = Release|Any CPU
		{0203BF87-5434-405F-81E7-B886B79BD495}.Ad-Hoc|x64.ActiveCfg = Release|x64
		{0203BF87-5434-405F-81E7-B886B79BD495}.Ad-Hoc|x64.Build.0 = Release|x64
		{0203BF87-5434-405F-81E7-B886B79BD495}.Ad-Hoc|x64.Deploy.0 = Release|x64
		{0203BF87-5434-405F-81E7-B886B79BD495}.Ad-Hoc|x86.ActiveCfg = Release|x86
		{0203BF87-5434-405F-81E7-B886B79BD495}.Ad-Hoc|x86.Build.0 = Release|x86
		{0203BF87-5434-405F-81E7-B886B79BD495}.Ad-Hoc|x86.Deploy.0 = Release|x86
		{0203BF87-5434-405F-81E7-B886B79BD495}.AppStore|Any CPU.ActiveCfg = Release|Any CPU
		{0203BF87-5434-405F-81E7-B886B79BD495}.AppStore|Any CPU.Build.0 = Release|Any CPU
		{0203BF87-5434-405F-81E7-B886B79BD495}.AppStore|Any CPU.Deploy.0 = Release|Any CPU
		{0203BF87-5434-405F-81E7-B886B79BD495}.AppStore|ARM.ActiveCfg = Release|ARM
		{0203BF87-5434-405F-81E7-B886B79BD495}.AppStore|ARM.Build.0 = Release|ARM
		{0203BF87-5434-405F-81E7-B886B79BD495}.AppStore|ARM.Deploy.0 = Release|ARM
		{0203BF87-5434-405F-81E7-B886B79BD495}.AppStore|iPhone.ActiveCfg = Release|Any CPU
		{0203BF87-5434-405F-81E7-B886B79BD495}.AppStore|iPhone.Build.0 = Release|Any CPU
		{0203BF87-5434-405F-81E7-B886B79BD495}.AppStore|iPhone.Deploy.0 = Release|Any CPU
		{0203BF87-5434-405F-81E7-B886B79BD495}.AppStore|iPhoneSimulator.ActiveCfg = Release|Any CPU
		{0203BF87-5434-405F-81E7-B886B79BD495}.AppStore|iPhoneSimulator.Build.0 = Release|Any CPU
		{0203BF87-5434-405F-81E7-B886B79BD495}.AppStore|iPhoneSimulator.Deploy.0 = Release|Any CPU
		{0203BF87-5434-405F-81E7-B886B79BD495}.AppStore|x64.ActiveCfg = Release|x64
		{0203BF87-5434-405F-81E7-B886B79BD495}.AppStore|x64.Build.0 = Release|x64
		{0203BF87-5434-405F-81E7-B886B79BD495}.AppStore|x64.Deploy.0 = Release|x64
		{0203BF87-5434-405F-81E7-B886B79BD495}.AppStore|x86.ActiveCfg = Release|x86
		{0203BF87-5434-405F-81E7-B886B79BD495}.AppStore|x86.Build.0 = Release|x86
		{0203BF87-5434-405F-81E7-B886B79BD495}.AppStore|x86.Deploy.0 = Release|x86
		{0203BF87-5434-405F-81E7-B886B79BD495}.Debug|Any CPU.ActiveCfg = Debug|Any CPU
		{0203BF87-5434-405F-81E7-B886B79BD495}.Debug|Any CPU.Build.0 = Debug|Any CPU
		{0203BF87-5434-405F-81E7-B886B79BD495}.Debug|Any CPU.Deploy.0 = Debug|Any CPU
		{0203BF87-5434-405F-81E7-B886B79BD495}.Debug|ARM.ActiveCfg = Debug|ARM
		{0203BF87-5434-405F-81E7-B886B79BD495}.Debug|ARM.Build.0 = Debug|ARM
		{0203BF87-5434-405F-81E7-B886B79BD495}.Debug|ARM.Deploy.0 = Debug|ARM
		{0203BF87-5434-405F-81E7-B886B79BD495}.Debug|iPhone.ActiveCfg = Debug|Any CPU
		{0203BF87-5434-405F-81E7-B886B79BD495}.Debug|iPhone.Build.0 = Debug|Any CPU
		{0203BF87-5434-405F-81E7-B886B79BD495}.Debug|iPhone.Deploy.0 = Debug|Any CPU
		{0203BF87-5434-405F-81E7-B886B79BD495}.Debug|iPhoneSimulator.ActiveCfg = Debug|Any CPU
		{0203BF87-5434-405F-81E7-B886B79BD495}.Debug|iPhoneSimulator.Build.0 = Debug|Any CPU
		{0203BF87-5434-405F-81E7-B886B79BD495}.Debug|iPhoneSimulator.Deploy.0 = Debug|Any CPU
		{0203BF87-5434-405F-81E7-B886B79BD495}.Debug|x64.ActiveCfg = Debug|x64
		{0203BF87-5434-405F-81E7-B886B79BD495}.Debug|x64.Build.0 = Debug|x64
		{0203BF87-5434-405F-81E7-B886B79BD495}.Debug|x64.Deploy.0 = Debug|x64
		{0203BF87-5434-405F-81E7-B886B79BD495}.Debug|x86.ActiveCfg = Debug|x86
		{0203BF87-5434-405F-81E7-B886B79BD495}.Debug|x86.Build.0 = Debug|x86
		{0203BF87-5434-405F-81E7-B886B79BD495}.Debug|x86.Deploy.0 = Debug|x86
		{0203BF87-5434-405F-81E7-B886B79BD495}.Release|Any CPU.ActiveCfg = Release|Any CPU
		{0203BF87-5434-405F-81E7-B886B79BD495}.Release|Any CPU.Build.0 = Release|Any CPU
		{0203BF87-5434-405F-81E7-B886B79BD495}.Release|Any CPU.Deploy.0 = Release|Any CPU
		{0203BF87-5434-405F-81E7-B886B79BD495}.Release|ARM.ActiveCfg = Release|ARM
		{0203BF87-5434-405F-81E7-B886B79BD495}.Release|ARM.Build.0 = Release|ARM
		{0203BF87-5434-405F-81E7-B886B79BD495}.Release|ARM.Deploy.0 = Release|ARM
		{0203BF87-5434-405F-81E7-B886B79BD495}.Release|iPhone.ActiveCfg = Release|Any CPU
		{0203BF87-5434-405F-81E7-B886B79BD495}.Release|iPhone.Build.0 = Release|Any CPU
		{0203BF87-5434-405F-81E7-B886B79BD495}.Release|iPhone.Deploy.0 = Release|Any CPU
		{0203BF87-5434-405F-81E7-B886B79BD495}.Release|iPhoneSimulator.ActiveCfg = Release|Any CPU
		{0203BF87-5434-405F-81E7-B886B79BD495}.Release|iPhoneSimulator.Build.0 = Release|Any CPU
		{0203BF87-5434-405F-81E7-B886B79BD495}.Release|iPhoneSimulator.Deploy.0 = Release|Any CPU
		{0203BF87-5434-405F-81E7-B886B79BD495}.Release|x64.ActiveCfg = Release|x64
		{0203BF87-5434-405F-81E7-B886B79BD495}.Release|x64.Build.0 = Release|x64
		{0203BF87-5434-405F-81E7-B886B79BD495}.Release|x64.Deploy.0 = Release|x64
		{0203BF87-5434-405F-81E7-B886B79BD495}.Release|x86.ActiveCfg = Release|x86
		{0203BF87-5434-405F-81E7-B886B79BD495}.Release|x86.Build.0 = Release|x86
		{0203BF87-5434-405F-81E7-B886B79BD495}.Release|x86.Deploy.0 = Release|x86
		{55BB8D36-37D1-409E-8757-EB3AA099CE0B}.Ad-Hoc|Any CPU.ActiveCfg = Release|Any CPU
		{55BB8D36-37D1-409E-8757-EB3AA099CE0B}.Ad-Hoc|Any CPU.Build.0 = Release|Any CPU
		{55BB8D36-37D1-409E-8757-EB3AA099CE0B}.Ad-Hoc|Any CPU.Deploy.0 = Release|Any CPU
		{55BB8D36-37D1-409E-8757-EB3AA099CE0B}.Ad-Hoc|ARM.ActiveCfg = Release|ARM
		{55BB8D36-37D1-409E-8757-EB3AA099CE0B}.Ad-Hoc|ARM.Build.0 = Release|ARM
		{55BB8D36-37D1-409E-8757-EB3AA099CE0B}.Ad-Hoc|ARM.Deploy.0 = Release|ARM
		{55BB8D36-37D1-409E-8757-EB3AA099CE0B}.Ad-Hoc|iPhone.ActiveCfg = Release|Any CPU
		{55BB8D36-37D1-409E-8757-EB3AA099CE0B}.Ad-Hoc|iPhone.Build.0 = Release|Any CPU
		{55BB8D36-37D1-409E-8757-EB3AA099CE0B}.Ad-Hoc|iPhone.Deploy.0 = Release|Any CPU
		{55BB8D36-37D1-409E-8757-EB3AA099CE0B}.Ad-Hoc|iPhoneSimulator.ActiveCfg = Release|Any CPU
		{55BB8D36-37D1-409E-8757-EB3AA099CE0B}.Ad-Hoc|iPhoneSimulator.Build.0 = Release|Any CPU
		{55BB8D36-37D1-409E-8757-EB3AA099CE0B}.Ad-Hoc|iPhoneSimulator.Deploy.0 = Release|Any CPU
		{55BB8D36-37D1-409E-8757-EB3AA099CE0B}.Ad-Hoc|x64.ActiveCfg = Release|Any CPU
		{55BB8D36-37D1-409E-8757-EB3AA099CE0B}.Ad-Hoc|x64.Build.0 = Release|Any CPU
		{55BB8D36-37D1-409E-8757-EB3AA099CE0B}.Ad-Hoc|x64.Deploy.0 = Release|Any CPU
		{55BB8D36-37D1-409E-8757-EB3AA099CE0B}.Ad-Hoc|x86.ActiveCfg = Release|x86
		{55BB8D36-37D1-409E-8757-EB3AA099CE0B}.Ad-Hoc|x86.Build.0 = Release|x86
		{55BB8D36-37D1-409E-8757-EB3AA099CE0B}.Ad-Hoc|x86.Deploy.0 = Release|x86
		{55BB8D36-37D1-409E-8757-EB3AA099CE0B}.AppStore|Any CPU.ActiveCfg = Release|Any CPU
		{55BB8D36-37D1-409E-8757-EB3AA099CE0B}.AppStore|Any CPU.Build.0 = Release|Any CPU
		{55BB8D36-37D1-409E-8757-EB3AA099CE0B}.AppStore|Any CPU.Deploy.0 = Release|Any CPU
		{55BB8D36-37D1-409E-8757-EB3AA099CE0B}.AppStore|ARM.ActiveCfg = Release|ARM
		{55BB8D36-37D1-409E-8757-EB3AA099CE0B}.AppStore|ARM.Build.0 = Release|ARM
		{55BB8D36-37D1-409E-8757-EB3AA099CE0B}.AppStore|ARM.Deploy.0 = Release|ARM
		{55BB8D36-37D1-409E-8757-EB3AA099CE0B}.AppStore|iPhone.ActiveCfg = Release|Any CPU
		{55BB8D36-37D1-409E-8757-EB3AA099CE0B}.AppStore|iPhone.Build.0 = Release|Any CPU
		{55BB8D36-37D1-409E-8757-EB3AA099CE0B}.AppStore|iPhone.Deploy.0 = Release|Any CPU
		{55BB8D36-37D1-409E-8757-EB3AA099CE0B}.AppStore|iPhoneSimulator.ActiveCfg = Release|Any CPU
		{55BB8D36-37D1-409E-8757-EB3AA099CE0B}.AppStore|iPhoneSimulator.Build.0 = Release|Any CPU
		{55BB8D36-37D1-409E-8757-EB3AA099CE0B}.AppStore|iPhoneSimulator.Deploy.0 = Release|Any CPU
		{55BB8D36-37D1-409E-8757-EB3AA099CE0B}.AppStore|x64.ActiveCfg = Release|Any CPU
		{55BB8D36-37D1-409E-8757-EB3AA099CE0B}.AppStore|x64.Build.0 = Release|Any CPU
		{55BB8D36-37D1-409E-8757-EB3AA099CE0B}.AppStore|x64.Deploy.0 = Release|Any CPU
		{55BB8D36-37D1-409E-8757-EB3AA099CE0B}.AppStore|x86.ActiveCfg = Release|x86
		{55BB8D36-37D1-409E-8757-EB3AA099CE0B}.AppStore|x86.Build.0 = Release|x86
		{55BB8D36-37D1-409E-8757-EB3AA099CE0B}.AppStore|x86.Deploy.0 = Release|x86
		{55BB8D36-37D1-409E-8757-EB3AA099CE0B}.Debug|Any CPU.ActiveCfg = Debug|Any CPU
		{55BB8D36-37D1-409E-8757-EB3AA099CE0B}.Debug|Any CPU.Build.0 = Debug|Any CPU
		{55BB8D36-37D1-409E-8757-EB3AA099CE0B}.Debug|Any CPU.Deploy.0 = Debug|Any CPU
		{55BB8D36-37D1-409E-8757-EB3AA099CE0B}.Debug|ARM.ActiveCfg = Debug|ARM
		{55BB8D36-37D1-409E-8757-EB3AA099CE0B}.Debug|ARM.Build.0 = Debug|ARM
		{55BB8D36-37D1-409E-8757-EB3AA099CE0B}.Debug|ARM.Deploy.0 = Debug|ARM
		{55BB8D36-37D1-409E-8757-EB3AA099CE0B}.Debug|iPhone.ActiveCfg = Debug|Any CPU
		{55BB8D36-37D1-409E-8757-EB3AA099CE0B}.Debug|iPhone.Build.0 = Debug|Any CPU
		{55BB8D36-37D1-409E-8757-EB3AA099CE0B}.Debug|iPhone.Deploy.0 = Debug|Any CPU
		{55BB8D36-37D1-409E-8757-EB3AA099CE0B}.Debug|iPhoneSimulator.ActiveCfg = Debug|Any CPU
		{55BB8D36-37D1-409E-8757-EB3AA099CE0B}.Debug|iPhoneSimulator.Build.0 = Debug|Any CPU
		{55BB8D36-37D1-409E-8757-EB3AA099CE0B}.Debug|iPhoneSimulator.Deploy.0 = Debug|Any CPU
		{55BB8D36-37D1-409E-8757-EB3AA099CE0B}.Debug|x64.ActiveCfg = Debug|Any CPU
		{55BB8D36-37D1-409E-8757-EB3AA099CE0B}.Debug|x64.Build.0 = Debug|Any CPU
		{55BB8D36-37D1-409E-8757-EB3AA099CE0B}.Debug|x64.Deploy.0 = Debug|Any CPU
		{55BB8D36-37D1-409E-8757-EB3AA099CE0B}.Debug|x86.ActiveCfg = Debug|x86
		{55BB8D36-37D1-409E-8757-EB3AA099CE0B}.Debug|x86.Build.0 = Debug|x86
		{55BB8D36-37D1-409E-8757-EB3AA099CE0B}.Debug|x86.Deploy.0 = Debug|x86
		{55BB8D36-37D1-409E-8757-EB3AA099CE0B}.Release|Any CPU.ActiveCfg = Release|Any CPU
		{55BB8D36-37D1-409E-8757-EB3AA099CE0B}.Release|Any CPU.Build.0 = Release|Any CPU
		{55BB8D36-37D1-409E-8757-EB3AA099CE0B}.Release|Any CPU.Deploy.0 = Release|Any CPU
		{55BB8D36-37D1-409E-8757-EB3AA099CE0B}.Release|ARM.ActiveCfg = Release|ARM
		{55BB8D36-37D1-409E-8757-EB3AA099CE0B}.Release|ARM.Build.0 = Release|ARM
		{55BB8D36-37D1-409E-8757-EB3AA099CE0B}.Release|ARM.Deploy.0 = Release|ARM
		{55BB8D36-37D1-409E-8757-EB3AA099CE0B}.Release|iPhone.ActiveCfg = Release|Any CPU
		{55BB8D36-37D1-409E-8757-EB3AA099CE0B}.Release|iPhone.Build.0 = Release|Any CPU
		{55BB8D36-37D1-409E-8757-EB3AA099CE0B}.Release|iPhone.Deploy.0 = Release|Any CPU
		{55BB8D36-37D1-409E-8757-EB3AA099CE0B}.Release|iPhoneSimulator.ActiveCfg = Release|Any CPU
		{55BB8D36-37D1-409E-8757-EB3AA099CE0B}.Release|iPhoneSimulator.Build.0 = Release|Any CPU
		{55BB8D36-37D1-409E-8757-EB3AA099CE0B}.Release|iPhoneSimulator.Deploy.0 = Release|Any CPU
		{55BB8D36-37D1-409E-8757-EB3AA099CE0B}.Release|x64.ActiveCfg = Release|Any CPU
		{55BB8D36-37D1-409E-8757-EB3AA099CE0B}.Release|x64.Build.0 = Release|Any CPU
		{55BB8D36-37D1-409E-8757-EB3AA099CE0B}.Release|x64.Deploy.0 = Release|Any CPU
		{55BB8D36-37D1-409E-8757-EB3AA099CE0B}.Release|x86.ActiveCfg = Release|x86
		{55BB8D36-37D1-409E-8757-EB3AA099CE0B}.Release|x86.Build.0 = Release|x86
		{55BB8D36-37D1-409E-8757-EB3AA099CE0B}.Release|x86.Deploy.0 = Release|x86
	EndGlobalSection
	GlobalSection(SolutionProperties) = preSolution
		HideSolutionNode = FALSE
	EndGlobalSection
	GlobalSection(NestedProjects) = preSolution
		{6B30FD94-9ED7-4362-9AB8-A29052344C4D} = {632B96E1-9439-4A73-A52A-DF142CFFDCEE}
		{0203BF87-5434-405F-81E7-B886B79BD495} = {632B96E1-9439-4A73-A52A-DF142CFFDCEE}
		{55BB8D36-37D1-409E-8757-EB3AA099CE0B} = {632B96E1-9439-4A73-A52A-DF142CFFDCEE}
	EndGlobalSection
EndGlobal
